
Microsoft Visual Studio Solution File, Format Version 12.00
# Visual Studio 15
VisualStudioVersion = 15.0.26124.0
MinimumVisualStudioVersion = 15.0.26124.0
Project("{FAE04EC0-301F-11D3-BF4B-00C04F79EFBC}") = "API", "API\API.csproj", "{212D3A2D-109D-429B-9920-5373A6C95D3B}"
EndProject
Project("{FAE04EC0-301F-11D3-BF4B-00C04F79EFBC}") = "Application", "Application\Application.csproj", "{24DE116F-941F-4736-BAB8-DF87D460895A}"
EndProject
Project("{FAE04EC0-301F-11D3-BF4B-00C04F79EFBC}") = "Domain", "Domain\Domain.csproj", "{15C351CB-0DBF-407B-A423-662790546623}"
EndProject
Project("{FAE04EC0-301F-11D3-BF4B-00C04F79EFBC}") = "Persistence", "Persistence\Persistence.csproj", "{99AA3A12-6763-4028-9A17-700B8B6DAAB6}"
EndProject
Global
	GlobalSection(SolutionConfigurationPlatforms) = preSolution
		Debug|Any CPU = Debug|Any CPU
		Debug|x64 = Debug|x64
		Debug|x86 = Debug|x86
		Release|Any CPU = Release|Any CPU
		Release|x64 = Release|x64
		Release|x86 = Release|x86
	EndGlobalSection
	GlobalSection(SolutionProperties) = preSolution
		HideSolutionNode = FALSE
	EndGlobalSection
	GlobalSection(ProjectConfigurationPlatforms) = postSolution
		{212D3A2D-109D-429B-9920-5373A6C95D3B}.Debug|Any CPU.ActiveCfg = Debug|Any CPU
		{212D3A2D-109D-429B-9920-5373A6C95D3B}.Debug|Any CPU.Build.0 = Debug|Any CPU
		{212D3A2D-109D-429B-9920-5373A6C95D3B}.Debug|x64.ActiveCfg = Debug|Any CPU
		{212D3A2D-109D-429B-9920-5373A6C95D3B}.Debug|x64.Build.0 = Debug|Any CPU
		{212D3A2D-109D-429B-9920-5373A6C95D3B}.Debug|x86.ActiveCfg = Debug|Any CPU
		{212D3A2D-109D-429B-9920-5373A6C95D3B}.Debug|x86.Build.0 = Debug|Any CPU
		{212D3A2D-109D-429B-9920-5373A6C95D3B}.Release|Any CPU.ActiveCfg = Release|Any CPU
		{212D3A2D-109D-429B-9920-5373A6C95D3B}.Release|Any CPU.Build.0 = Release|Any CPU
		{212D3A2D-109D-429B-9920-5373A6C95D3B}.Release|x64.ActiveCfg = Release|Any CPU
		{212D3A2D-109D-429B-9920-5373A6C95D3B}.Release|x64.Build.0 = Release|Any CPU
		{212D3A2D-109D-429B-9920-5373A6C95D3B}.Release|x86.ActiveCfg = Release|Any CPU
		{212D3A2D-109D-429B-9920-5373A6C95D3B}.Release|x86.Build.0 = Release|Any CPU
		{24DE116F-941F-4736-BAB8-DF87D460895A}.Debug|Any CPU.ActiveCfg = Debug|Any CPU
		{24DE116F-941F-4736-BAB8-DF87D460895A}.Debug|Any CPU.Build.0 = Debug|Any CPU
		{24DE116F-941F-4736-BAB8-DF87D460895A}.Debug|x64.ActiveCfg = Debug|Any CPU
		{24DE116F-941F-4736-BAB8-DF87D460895A}.Debug|x64.Build.0 = Debug|Any CPU
		{24DE116F-941F-4736-BAB8-DF87D460895A}.Debug|x86.ActiveCfg = Debug|Any CPU
		{24DE116F-941F-4736-BAB8-DF87D460895A}.Debug|x86.Build.0 = Debug|Any CPU
		{24DE116F-941F-4736-BAB8-DF87D460895A}.Release|Any CPU.ActiveCfg = Release|Any CPU
		{24DE116F-941F-4736-BAB8-DF87D460895A}.Release|Any CPU.Build.0 = Release|Any CPU
		{24DE116F-941F-4736-BAB8-DF87D460895A}.Release|x64.ActiveCfg = Release|Any CPU
		{24DE116F-941F-4736-BAB8-DF87D460895A}.Release|x64.Build.0 = Release|Any CPU
		{24DE116F-941F-4736-BAB8-DF87D460895A}.Release|x86.ActiveCfg = Release|Any CPU
		{24DE116F-941F-4736-BAB8-DF87D460895A}.Release|x86.Build.0 = Release|Any CPU
		{15C351CB-0DBF-407B-A423-662790546623}.Debug|Any CPU.ActiveCfg = Debug|Any CPU
		{15C351CB-0DBF-407B-A423-662790546623}.Debug|Any CPU.Build.0 = Debug|Any CPU
		{15C351CB-0DBF-407B-A423-662790546623}.Debug|x64.ActiveCfg = Debug|Any CPU
		{15C351CB-0DBF-407B-A423-662790546623}.Debug|x64.Build.0 = Debug|Any CPU
		{15C351CB-0DBF-407B-A423-662790546623}.Debug|x86.ActiveCfg = Debug|Any CPU
		{15C351CB-0DBF-407B-A423-662790546623}.Debug|x86.Build.0 = Debug|Any CPU
		{15C351CB-0DBF-407B-A423-662790546623}.Release|Any CPU.ActiveCfg = Release|Any CPU
		{15C351CB-0DBF-407B-A423-662790546623}.Release|Any CPU.Build.0 = Release|Any CPU
		{15C351CB-0DBF-407B-A423-662790546623}.Release|x64.ActiveCfg = Release|Any CPU
		{15C351CB-0DBF-407B-A423-662790546623}.Release|x64.Build.0 = Release|Any CPU
		{15C351CB-0DBF-407B-A423-662790546623}.Release|x86.ActiveCfg = Release|Any CPU
		{15C351CB-0DBF-407B-A423-662790546623}.Release|x86.Build.0 = Release|Any CPU
		{99AA3A12-6763-4028-9A17-700B8B6DAAB6}.Debug|Any CPU.ActiveCfg = Debug|Any CPU
		{99AA3A12-6763-4028-9A17-700B8B6DAAB6}.Debug|Any CPU.Build.0 = Debug|Any CPU
		{99AA3A12-6763-4028-9A17-700B8B6DAAB6}.Debug|x64.ActiveCfg = Debug|Any CPU
		{99AA3A12-6763-4028-9A17-700B8B6DAAB6}.Debug|x64.Build.0 = Debug|Any CPU
		{99AA3A12-6763-4028-9A17-700B8B6DAAB6}.Debug|x86.ActiveCfg = Debug|Any CPU
		{99AA3A12-6763-4028-9A17-700B8B6DAAB6}.Debug|x86.Build.0 = Debug|Any CPU
		{99AA3A12-6763-4028-9A17-700B8B6DAAB6}.Release|Any CPU.ActiveCfg = Release|Any CPU
		{99AA3A12-6763-4028-9A17-700B8B6DAAB6}.Release|Any CPU.Build.0 = Release|Any CPU
		{99AA3A12-6763-4028-9A17-700B8B6DAAB6}.Release|x64.ActiveCfg = Release|Any CPU
		{99AA3A12-6763-4028-9A17-700B8B6DAAB6}.Release|x64.Build.0 = Release|Any CPU
		{99AA3A12-6763-4028-9A17-700B8B6DAAB6}.Release|x86.ActiveCfg = Release|Any CPU
		{99AA3A12-6763-4028-9A17-700B8B6DAAB6}.Release|x86.Build.0 = Release|Any CPU
	EndGlobalSection
EndGlobal
